
Microsoft Visual Studio Solution File, Format Version 12.00
# Visual Studio Version 16
VisualStudioVersion = 16.0.29102.190
MinimumVisualStudioVersion = 10.0.40219.1
Project("{FAE04EC0-301F-11D3-BF4B-00C04F79EFBC}") = "EmpoweredPixels", "EmpoweredPixels\EmpoweredPixels.csproj", "{2DF1D332-7AC1-434C-90C7-0A458F2708DE}"
EndProject
Global
	GlobalSection(SolutionConfigurationPlatforms) = preSolution
		Debug|Any CPU = Debug|Any CPU
		Release|Any CPU = Release|Any CPU
	EndGlobalSection
	GlobalSection(ProjectConfigurationPlatforms) = postSolution
		{2DF1D332-7AC1-434C-90C7-0A458F2708DE}.Debug|Any CPU.ActiveCfg = Debug|Any CPU
		{2DF1D332-7AC1-434C-90C7-0A458F2708DE}.Debug|Any CPU.Build.0 = Debug|Any CPU
		{2DF1D332-7AC1-434C-90C7-0A458F2708DE}.Release|Any CPU.ActiveCfg = Release|Any CPU
		{2DF1D332-7AC1-434C-90C7-0A458F2708DE}.Release|Any CPU.Build.0 = Release|Any CPU
	EndGlobalSection
	GlobalSection(SolutionProperties) = preSolution
		HideSolutionNode = FALSE
	EndGlobalSection
	GlobalSection(ExtensibilityGlobals) = postSolution
		SolutionGuid = {26E13D6D-AA40-4691-BBDC-E6CCD16DE846}
	EndGlobalSection
EndGlobal
